
Microsoft Visual Studio Solution File, Format Version 12.00
# Visual Studio Version 17
VisualStudioVersion = 17.0.31903.59
MinimumVisualStudioVersion = 10.0.40219.1
Project("{2150E333-8FDC-42A3-9474-1A3956D46DE8}") = "src", "src", "{827E0CD3-B72D-47B6-A68D-7590B98EB39B}"
EndProject
Project("{FAE04EC0-301F-11D3-BF4B-00C04F79EFBC}") = "YoshiSQL.Aplicacion", "src\YoshiSQL.Aplicacion\YoshiSQL.Aplicacion.csproj", "{D4F36BB1-241E-4B89-BDF4-D0CB20436B8D}"
EndProject
Project("{FAE04EC0-301F-11D3-BF4B-00C04F79EFBC}") = "YoshiSQL.Dominio", "src\YoshiSQL.Dominio\YoshiSQL.Dominio.csproj", "{C061206E-7F1B-4A32-8AE8-E91EA8133A72}"
EndProject
Project("{FAE04EC0-301F-11D3-BF4B-00C04F79EFBC}") = "YoshiSQL.Escritorio", "src\YoshiSQL.Escritorio\YoshiSQL.Escritorio.csproj", "{6C5FD8C0-1142-4431-BE5B-35EC537760CE}"
EndProject
Project("{FAE04EC0-301F-11D3-BF4B-00C04F79EFBC}") = "YoshiSQL.Infraestructura", "src\YoshiSQL.Infraestructura\YoshiSQL.Infraestructura.csproj", "{A39AA98E-0609-4C87-A597-7AF32BAB3356}"
EndProject
Project("{2150E333-8FDC-42A3-9474-1A3956D46DE8}") = "pruebas", "pruebas", "{7F94342B-59F1-7B77-1E97-1C96D3BEFA86}"
EndProject
Project("{FAE04EC0-301F-11D3-BF4B-00C04F79EFBC}") = "YoshiSQL.Aplicacion.Pruebas", "pruebas\YoshiSQL.Aplicacion.Pruebas\YoshiSQL.Aplicacion.Pruebas.csproj", "{D8CD4D32-E6C7-4370-88FF-7DABF0AC6C34}"
EndProject
Project("{FAE04EC0-301F-11D3-BF4B-00C04F79EFBC}") = "YoshiSQL.Dominio.Pruebas", "pruebas\YoshiSQL.Dominio.Pruebas\YoshiSQL.Dominio.Pruebas.csproj", "{D5997C8E-BAAB-4313-911D-52538ED994F1}"
EndProject
Project("{FAE04EC0-301F-11D3-BF4B-00C04F79EFBC}") = "YoshiSQL.Infraestructura.Pruebas", "pruebas\YoshiSQL.Infraestructura.Pruebas\YoshiSQL.Infraestructura.Pruebas.csproj", "{4AB7B620-578D-48E4-9D54-5CEA540BDD80}"
EndProject
Global
	GlobalSection(SolutionConfigurationPlatforms) = preSolution
		Debug|Any CPU = Debug|Any CPU
		Debug|x64 = Debug|x64
		Debug|x86 = Debug|x86
		Release|Any CPU = Release|Any CPU
		Release|x64 = Release|x64
		Release|x86 = Release|x86
	EndGlobalSection
	GlobalSection(ProjectConfigurationPlatforms) = postSolution
		{D4F36BB1-241E-4B89-BDF4-D0CB20436B8D}.Debug|Any CPU.ActiveCfg = Debug|Any CPU
		{D4F36BB1-241E-4B89-BDF4-D0CB20436B8D}.Debug|Any CPU.Build.0 = Debug|Any CPU
		{D4F36BB1-241E-4B89-BDF4-D0CB20436B8D}.Debug|x64.ActiveCfg = Debug|Any CPU
		{D4F36BB1-241E-4B89-BDF4-D0CB20436B8D}.Debug|x64.Build.0 = Debug|Any CPU
		{D4F36BB1-241E-4B89-BDF4-D0CB20436B8D}.Debug|x86.ActiveCfg = Debug|Any CPU
		{D4F36BB1-241E-4B89-BDF4-D0CB20436B8D}.Debug|x86.Build.0 = Debug|Any CPU
		{D4F36BB1-241E-4B89-BDF4-D0CB20436B8D}.Release|Any CPU.ActiveCfg = Release|Any CPU
		{D4F36BB1-241E-4B89-BDF4-D0CB20436B8D}.Release|Any CPU.Build.0 = Release|Any CPU
		{D4F36BB1-241E-4B89-BDF4-D0CB20436B8D}.Release|x64.ActiveCfg = Release|Any CPU
		{D4F36BB1-241E-4B89-BDF4-D0CB20436B8D}.Release|x64.Build.0 = Release|Any CPU
		{D4F36BB1-241E-4B89-BDF4-D0CB20436B8D}.Release|x86.ActiveCfg = Release|Any CPU
		{D4F36BB1-241E-4B89-BDF4-D0CB20436B8D}.Release|x86.Build.0 = Release|Any CPU
		{C061206E-7F1B-4A32-8AE8-E91EA8133A72}.Debug|Any CPU.ActiveCfg = Debug|Any CPU
		{C061206E-7F1B-4A32-8AE8-E91EA8133A72}.Debug|Any CPU.Build.0 = Debug|Any CPU
		{C061206E-7F1B-4A32-8AE8-E91EA8133A72}.Debug|x64.ActiveCfg = Debug|Any CPU
		{C061206E-7F1B-4A32-8AE8-E91EA8133A72}.Debug|x64.Build.0 = Debug|Any CPU
		{C061206E-7F1B-4A32-8AE8-E91EA8133A72}.Debug|x86.ActiveCfg = Debug|Any CPU
		{C061206E-7F1B-4A32-8AE8-E91EA8133A72}.Debug|x86.Build.0 = Debug|Any CPU
		{C061206E-7F1B-4A32-8AE8-E91EA8133A72}.Release|Any CPU.ActiveCfg = Release|Any CPU
		{C061206E-7F1B-4A32-8AE8-E91EA8133A72}.Release|Any CPU.Build.0 = Release|Any CPU
		{C061206E-7F1B-4A32-8AE8-E91EA8133A72}.Release|x64.ActiveCfg = Release|Any CPU
		{C061206E-7F1B-4A32-8AE8-E91EA8133A72}.Release|x64.Build.0 = Release|Any CPU
		{C061206E-7F1B-4A32-8AE8-E91EA8133A72}.Release|x86.ActiveCfg = Release|Any CPU
		{C061206E-7F1B-4A32-8AE8-E91EA8133A72}.Release|x86.Build.0 = Release|Any CPU
		{6C5FD8C0-1142-4431-BE5B-35EC537760CE}.Debug|Any CPU.ActiveCfg = Debug|Any CPU
		{6C5FD8C0-1142-4431-BE5B-35EC537760CE}.Debug|Any CPU.Build.0 = Debug|Any CPU
		{6C5FD8C0-1142-4431-BE5B-35EC537760CE}.Debug|x64.ActiveCfg = Debug|Any CPU
		{6C5FD8C0-1142-4431-BE5B-35EC537760CE}.Debug|x64.Build.0 = Debug|Any CPU
		{6C5FD8C0-1142-4431-BE5B-35EC537760CE}.Debug|x86.ActiveCfg = Debug|Any CPU
		{6C5FD8C0-1142-4431-BE5B-35EC537760CE}.Debug|x86.Build.0 = Debug|Any CPU
		{6C5FD8C0-1142-4431-BE5B-35EC537760CE}.Release|Any CPU.ActiveCfg = Release|Any CPU
		{6C5FD8C0-1142-4431-BE5B-35EC537760CE}.Release|Any CPU.Build.0 = Release|Any CPU
		{6C5FD8C0-1142-4431-BE5B-35EC537760CE}.Release|x64.ActiveCfg = Release|Any CPU
		{6C5FD8C0-1142-4431-BE5B-35EC537760CE}.Release|x64.Build.0 = Release|Any CPU
		{6C5FD8C0-1142-4431-BE5B-35EC537760CE}.Release|x86.ActiveCfg = Release|Any CPU
		{6C5FD8C0-1142-4431-BE5B-35EC537760CE}.Release|x86.Build.0 = Release|Any CPU
		{A39AA98E-0609-4C87-A597-7AF32BAB3356}.Debug|Any CPU.ActiveCfg = Debug|Any CPU
		{A39AA98E-0609-4C87-A597-7AF32BAB3356}.Debug|Any CPU.Build.0 = Debug|Any CPU
		{A39AA98E-0609-4C87-A597-7AF32BAB3356}.Debug|x64.ActiveCfg = Debug|Any CPU
		{A39AA98E-0609-4C87-A597-7AF32BAB3356}.Debug|x64.Build.0 = Debug|Any CPU
		{A39AA98E-0609-4C87-A597-7AF32BAB3356}.Debug|x86.ActiveCfg = Debug|Any CPU
		{A39AA98E-0609-4C87-A597-7AF32BAB3356}.Debug|x86.Build.0 = Debug|Any CPU
		{A39AA98E-0609-4C87-A597-7AF32BAB3356}.Release|Any CPU.ActiveCfg = Release|Any CPU
		{A39AA98E-0609-4C87-A597-7AF32BAB3356}.Release|Any CPU.Build.0 = Release|Any CPU
		{A39AA98E-0609-4C87-A597-7AF32BAB3356}.Release|x64.ActiveCfg = Release|Any CPU
		{A39AA98E-0609-4C87-A597-7AF32BAB3356}.Release|x64.Build.0 = Release|Any CPU
		{A39AA98E-0609-4C87-A597-7AF32BAB3356}.Release|x86.ActiveCfg = Release|Any CPU
		{A39AA98E-0609-4C87-A597-7AF32BAB3356}.Release|x86.Build.0 = Release|Any CPU
		{D8CD4D32-E6C7-4370-88FF-7DABF0AC6C34}.Debug|Any CPU.ActiveCfg = Debug|Any CPU
		{D8CD4D32-E6C7-4370-88FF-7DABF0AC6C34}.Debug|Any CPU.Build.0 = Debug|Any CPU
		{D8CD4D32-E6C7-4370-88FF-7DABF0AC6C34}.Debug|x64.ActiveCfg = Debug|Any CPU
		{D8CD4D32-E6C7-4370-88FF-7DABF0AC6C34}.Debug|x64.Build.0 = Debug|Any CPU
		{D8CD4D32-E6C7-4370-88FF-7DABF0AC6C34}.Debug|x86.ActiveCfg = Debug|Any CPU
		{D8CD4D32-E6C7-4370-88FF-7DABF0AC6C34}.Debug|x86.Build.0 = Debug|Any CPU
		{D8CD4D32-E6C7-4370-88FF-7DABF0AC6C34}.Release|Any CPU.ActiveCfg = Release|Any CPU
		{D8CD4D32-E6C7-4370-88FF-7DABF0AC6C34}.Release|Any CPU.Build.0 = Release|Any CPU
		{D8CD4D32-E6C7-4370-88FF-7DABF0AC6C34}.Release|x64.ActiveCfg = Release|Any CPU
		{D8CD4D32-E6C7-4370-88FF-7DABF0AC6C34}.Release|x64.Build.0 = Release|Any CPU
		{D8CD4D32-E6C7-4370-88FF-7DABF0AC6C34}.Release|x86.ActiveCfg = Release|Any CPU
		{D8CD4D32-E6C7-4370-88FF-7DABF0AC6C34}.Release|x86.Build.0 = Release|Any CPU
		{D5997C8E-BAAB-4313-911D-52538ED994F1}.Debug|Any CPU.ActiveCfg = Debug|Any CPU
		{D5997C8E-BAAB-4313-911D-52538ED994F1}.Debug|Any CPU.Build.0 = Debug|Any CPU
		{D5997C8E-BAAB-4313-911D-52538ED994F1}.Debug|x64.ActiveCfg = Debug|Any CPU
		{D5997C8E-BAAB-4313-911D-52538ED994F1}.Debug|x64.Build.0 = Debug|Any CPU
		{D5997C8E-BAAB-4313-911D-52538ED994F1}.Debug|x86.ActiveCfg = Debug|Any CPU
		{D5997C8E-BAAB-4313-911D-52538ED994F1}.Debug|x86.Build.0 = Debug|Any CPU
		{D5997C8E-BAAB-4313-911D-52538ED994F1}.Release|Any CPU.ActiveCfg = Release|Any CPU
		{D5997C8E-BAAB-4313-911D-52538ED994F1}.Release|Any CPU.Build.0 = Release|Any CPU
		{D5997C8E-BAAB-4313-911D-52538ED994F1}.Release|x64.ActiveCfg = Release|Any CPU
		{D5997C8E-BAAB-4313-911D-52538ED994F1}.Release|x64.Build.0 = Release|Any CPU
		{D5997C8E-BAAB-4313-911D-52538ED994F1}.Release|x86.ActiveCfg = Release|Any CPU
		{D5997C8E-BAAB-4313-911D-52538ED994F1}.Release|x86.Build.0 = Release|Any CPU
		{4AB7B620-578D-48E4-9D54-5CEA540BDD80}.Debug|Any CPU.ActiveCfg = Debug|Any CPU
		{4AB7B620-578D-48E4-9D54-5CEA540BDD80}.Debug|Any CPU.Build.0 = Debug|Any CPU
		{4AB7B620-578D-48E4-9D54-5CEA540BDD80}.Debug|x64.ActiveCfg = Debug|Any CPU
		{4AB7B620-578D-48E4-9D54-5CEA540BDD80}.Debug|x64.Build.0 = Debug|Any CPU
		{4AB7B620-578D-48E4-9D54-5CEA540BDD80}.Debug|x86.ActiveCfg = Debug|Any CPU
		{4AB7B620-578D-48E4-9D54-5CEA540BDD80}.Debug|x86.Build.0 = Debug|Any CPU
		{4AB7B620-578D-48E4-9D54-5CEA540BDD80}.Release|Any CPU.ActiveCfg = Release|Any CPU
		{4AB7B620-578D-48E4-9D54-5CEA540BDD80}.Release|Any CPU.Build.0 = Release|Any CPU
		{4AB7B620-578D-48E4-9D54-5CEA540BDD80}.Release|x64.ActiveCfg = Release|Any CPU
		{4AB7B620-578D-48E4-9D54-5CEA540BDD80}.Release|x64.Build.0 = Release|Any CPU
		{4AB7B620-578D-48E4-9D54-5CEA540BDD80}.Release|x86.ActiveCfg = Release|Any CPU
		{4AB7B620-578D-48E4-9D54-5CEA540BDD80}.Release|x86.Build.0 = Release|Any CPU
	EndGlobalSection
	GlobalSection(SolutionProperties) = preSolution
		HideSolutionNode = FALSE
	EndGlobalSection
	GlobalSection(NestedProjects) = preSolution
		{D4F36BB1-241E-4B89-BDF4-D0CB20436B8D} = {827E0CD3-B72D-47B6-A68D-7590B98EB39B}
		{C061206E-7F1B-4A32-8AE8-E91EA8133A72} = {827E0CD3-B72D-47B6-A68D-7590B98EB39B}
		{6C5FD8C0-1142-4431-BE5B-35EC537760CE} = {827E0CD3-B72D-47B6-A68D-7590B98EB39B}
		{A39AA98E-0609-4C87-A597-7AF32BAB3356} = {827E0CD3-B72D-47B6-A68D-7590B98EB39B}
		{D8CD4D32-E6C7-4370-88FF-7DABF0AC6C34} = {7F94342B-59F1-7B77-1E97-1C96D3BEFA86}
		{D5997C8E-BAAB-4313-911D-52538ED994F1} = {7F94342B-59F1-7B77-1E97-1C96D3BEFA86}
		{4AB7B620-578D-48E4-9D54-5CEA540BDD80} = {7F94342B-59F1-7B77-1E97-1C96D3BEFA86}
	EndGlobalSection
EndGlobal
